
Microsoft Visual Studio Solution File, Format Version 12.00
# Visual Studio 15
VisualStudioVersion = 15.0.28010.2003
MinimumVisualStudioVersion = 10.0.40219.1
Project("{FAE04EC0-301F-11D3-BF4B-00C04F79EFBC}") = "Gcpe.Hub.NRMS", "Gcpe.Hub.NRMS\Gcpe.Hub.NRMS.csproj", "{AD295CDB-82BD-4B15-85C9-7AF5C8FB2E77}"
EndProject
Project("{FAE04EC0-301F-11D3-BF4B-00C04F79EFBC}") = "Gcpe.Hub.NRMS.Tests", "Gcpe.Hub.NRMS.Tests\Gcpe.Hub.NRMS.Tests.csproj", "{FE477BF0-8B9C-40CD-898F-1FD9CB642DDC}"
EndProject
Project("{FAE04EC0-301F-11D3-BF4B-00C04F79EFBC}") = "Gcpe.Hub.NRMS.IntegrationTests", "Gcpe.Hub.NRMS.IntegrationTests\Gcpe.Hub.NRMS.IntegrationTests.csproj", "{8355E9A8-2FBA-4086-A66B-87C8AED7517E}"
EndProject
Global
	GlobalSection(SolutionConfigurationPlatforms) = preSolution
		Debug|Any CPU = Debug|Any CPU
		Release|Any CPU = Release|Any CPU
	EndGlobalSection
	GlobalSection(ProjectConfigurationPlatforms) = postSolution
		{AD295CDB-82BD-4B15-85C9-7AF5C8FB2E77}.Debug|Any CPU.ActiveCfg = Debug|Any CPU
		{AD295CDB-82BD-4B15-85C9-7AF5C8FB2E77}.Debug|Any CPU.Build.0 = Debug|Any CPU
		{AD295CDB-82BD-4B15-85C9-7AF5C8FB2E77}.Release|Any CPU.ActiveCfg = Release|Any CPU
		{AD295CDB-82BD-4B15-85C9-7AF5C8FB2E77}.Release|Any CPU.Build.0 = Release|Any CPU
		{FE477BF0-8B9C-40CD-898F-1FD9CB642DDC}.Debug|Any CPU.ActiveCfg = Debug|Any CPU
		{FE477BF0-8B9C-40CD-898F-1FD9CB642DDC}.Debug|Any CPU.Build.0 = Debug|Any CPU
		{FE477BF0-8B9C-40CD-898F-1FD9CB642DDC}.Release|Any CPU.ActiveCfg = Release|Any CPU
		{FE477BF0-8B9C-40CD-898F-1FD9CB642DDC}.Release|Any CPU.Build.0 = Release|Any CPU
		{8355E9A8-2FBA-4086-A66B-87C8AED7517E}.Debug|Any CPU.ActiveCfg = Debug|Any CPU
		{8355E9A8-2FBA-4086-A66B-87C8AED7517E}.Debug|Any CPU.Build.0 = Debug|Any CPU
		{8355E9A8-2FBA-4086-A66B-87C8AED7517E}.Release|Any CPU.ActiveCfg = Release|Any CPU
		{8355E9A8-2FBA-4086-A66B-87C8AED7517E}.Release|Any CPU.Build.0 = Release|Any CPU
	EndGlobalSection
	GlobalSection(SolutionProperties) = preSolution
		HideSolutionNode = FALSE
	EndGlobalSection
	GlobalSection(ExtensibilityGlobals) = postSolution
		SolutionGuid = {F241B285-5857-4354-8267-9A5C7DBF7BAA}
	EndGlobalSection
EndGlobal
